<?xml version="1.0" encoding="utf-8"?>
<Project ToolsVersion="4.0" xmlns="http://schemas.microsoft.com/developer/msbuild/2003">
  <ItemGroup>
    <ClCompile Include="src\main.cpp" />
    <ClCompile Include="src\game\game.cpp">
      <Filter>Game</Filter>
    </ClCompile>
    <ClCompile Include="src\screens\gameplay_screen.cpp">
      <Filter>Screens</Filter>
    </ClCompile>
    <ClCompile Include="src\interface\font.cpp">
      <Filter>Interface</Filter>
    </ClCompile>
    <ClCompile Include="src\audio\audio_manager.cpp">
      <Filter>Audio</Filter>
    </ClCompile>
    <ClCompile Include="src\background\background_manager.cpp">
      <Filter>Background</Filter>
    </ClCompile>
  </ItemGroup>
  <ItemGroup>
    <Filter Include="Game">
      <UniqueIdentifier>{47cbf10e-8ff8-4d0b-bc12-16bd248cf212}</UniqueIdentifier>
    </Filter>
    <Filter Include="Screens">
      <UniqueIdentifier>{62f81b72-164b-40b0-ba4a-29a1b2d4c6f6}</UniqueIdentifier>
    </Filter>
    <Filter Include="Interface">
      <UniqueIdentifier>{f465e7d5-1306-4134-b0a1-8057e0b9b28d}</UniqueIdentifier>
    </Filter>
    <Filter Include="Audio">
      <UniqueIdentifier>{2eb12688-7319-43a1-94aa-081131b66d7e}</UniqueIdentifier>
    </Filter>
    <Filter Include="Background">
      <UniqueIdentifier>{363c6e68-024a-4a08-bc68-f39158bf8162}</UniqueIdentifier>
    </Filter>
  </ItemGroup>
  <ItemGroup>
    <ClInclude Include="src\game\game.h">
      <Filter>Game</Filter>
    </ClInclude>
    <ClInclude Include="src\game\game_settings.h">
      <Filter>Game</Filter>
    </ClInclude>
    <ClInclude Include="src\screens\gameplay_screen.h">
      <Filter>Screens</Filter>
    </ClInclude>
    <ClInclude Include="src\interface\font.h">
      <Filter>Interface</Filter>
    </ClInclude>
    <ClInclude Include="src\audio\audio_manager.h">
      <Filter>Audio</Filter>
    </ClInclude>
    <ClInclude Include="src\background\background_manager.h">
      <Filter>Background</Filter>
    </ClInclude>
  </ItemGroup>
</Project>